
Microsoft Visual Studio Solution File, Format Version 12.00
# Visual Studio 14
VisualStudioVersion = 14.0.25420.1
MinimumVisualStudioVersion = 10.0.40219.1
Project("{FAE04EC0-301F-11D3-BF4B-00C04F79EFBC}") = "Exercicio10Cep", "Exercicio10Cep\Exercicio10Cep.csproj", "{FE879742-B9D6-4E85-B18C-30307EE5E1F6}"
EndProject
Project("{FAE04EC0-301F-11D3-BF4B-00C04F79EFBC}") = "Exercicio10Teste", "Exercicio10Teste\Exercicio10Teste.csproj", "{7F107237-E85C-4C7D-B901-B5B6DD9477E0}"
EndProject
Global
	GlobalSection(SolutionConfigurationPlatforms) = preSolution
		Debug|Any CPU = Debug|Any CPU
		Release|Any CPU = Release|Any CPU
	EndGlobalSection
	GlobalSection(ProjectConfigurationPlatforms) = postSolution
		{FE879742-B9D6-4E85-B18C-30307EE5E1F6}.Debug|Any CPU.ActiveCfg = Debug|Any CPU
		{FE879742-B9D6-4E85-B18C-30307EE5E1F6}.Debug|Any CPU.Build.0 = Debug|Any CPU
		{FE879742-B9D6-4E85-B18C-30307EE5E1F6}.Release|Any CPU.ActiveCfg = Release|Any CPU
		{FE879742-B9D6-4E85-B18C-30307EE5E1F6}.Release|Any CPU.Build.0 = Release|Any CPU
		{7F107237-E85C-4C7D-B901-B5B6DD9477E0}.Debug|Any CPU.ActiveCfg = Debug|Any CPU
		{7F107237-E85C-4C7D-B901-B5B6DD9477E0}.Debug|Any CPU.Build.0 = Debug|Any CPU
		{7F107237-E85C-4C7D-B901-B5B6DD9477E0}.Release|Any CPU.ActiveCfg = Release|Any CPU
		{7F107237-E85C-4C7D-B901-B5B6DD9477E0}.Release|Any CPU.Build.0 = Release|Any CPU
	EndGlobalSection
	GlobalSection(SolutionProperties) = preSolution
		HideSolutionNode = FALSE
	EndGlobalSection
EndGlobal
